// !$*UTF8*$!
{
	archiveVersion = 1;
	classes = {
	};
	objectVersion = 48;
	objects = {

/* Begin PBXBuildFile section */
		3A5695011FCE909E00116218 /* AppDelegate.m in Sources */ = {isa = PBXBuildFile; fileRef = 3A5695001FCE909E00116218 /* AppDelegate.m */; };
		3A5695041FCE909E00116218 /* ViewController.m in Sources */ = {isa = PBXBuildFile; fileRef = 3A5695031FCE909E00116218 /* ViewController.m */; };
		3A5695091FCE909E00116218 /* Assets.xcassets in Resources */ = {isa = PBXBuildFile; fileRef = 3A5695081FCE909E00116218 /* Assets.xcassets */; };
		3A56950C1FCE909E00116218 /* LaunchScreen.storyboard in Resources */ = {isa = PBXBuildFile; fileRef = 3A56950A1FCE909E00116218 /* LaunchScreen.storyboard */; };
		3A56950F1FCE909E00116218 /* main.m in Sources */ = {isa = PBXBuildFile; fileRef = 3A56950E1FCE909E00116218 /* main.m */; };
		3A5695201FCE927000116218 /* AppDelegate.swift in Sources */ = {isa = PBXBuildFile; fileRef = 3A56951F1FCE927000116218 /* AppDelegate.swift */; };
		3A5695221FCE927000116218 /* ViewController.swift in Sources */ = {isa = PBXBuildFile; fileRef = 3A5695211FCE927000116218 /* ViewController.swift */; };
		3A5695271FCE927000116218 /* Assets.xcassets in Resources */ = {isa = PBXBuildFile; fileRef = 3A5695261FCE927000116218 /* Assets.xcassets */; };
		3A56952A1FCE927000116218 /* LaunchScreen.storyboard in Resources */ = {isa = PBXBuildFile; fileRef = 3A5695281FCE927000116218 /* LaunchScreen.storyboard */; };
		3A5695371FCE95B100116218 /* CoreMotionAndPanorama.m in Sources */ = {isa = PBXBuildFile; fileRef = 3A5695361FCE95B100116218 /* CoreMotionAndPanorama.m */; };
		3A56953B1FCE95CE00116218 /* texturify_pano-3.jpg in Resources */ = {isa = PBXBuildFile; fileRef = 3A5695381FCE95CE00116218 /* texturify_pano-3.jpg */; };
		3A56953C1FCE95CE00116218 /* texturify_pano-1.jpg in Resources */ = {isa = PBXBuildFile; fileRef = 3A5695391FCE95CE00116218 /* texturify_pano-1.jpg */; };
		3A56953D1FCE95CE00116218 /* texturify_pano-2.jpg in Resources */ = {isa = PBXBuildFile; fileRef = 3A56953A1FCE95CE00116218 /* texturify_pano-2.jpg */; };
		3A5695401FCE961400116218 /* MotionAndPanorama.m in Sources */ = {isa = PBXBuildFile; fileRef = 3A56953F1FCE961400116218 /* MotionAndPanorama.m */; };
		3A5695461FCE997800116218 /* CameraBufferToTexture.m in Sources */ = {isa = PBXBuildFile; fileRef = 3A5695451FCE997800116218 /* CameraBufferToTexture.m */; };
		3A5695491FCE99AB00116218 /* CameraBufferToTextureView.m in Sources */ = {isa = PBXBuildFile; fileRef = 3A5695481FCE99AB00116218 /* CameraBufferToTextureView.m */; };
		3A5695531FCFE31D00116218 /* MapKitViewController.swift in Sources */ = {isa = PBXBuildFile; fileRef = 3A5695521FCFE31D00116218 /* MapKitViewController.swift */; };
		3AD2114B1FD923C20057E61D /* ARExampleViewController.m in Sources */ = {isa = PBXBuildFile; fileRef = 3AD2114A1FD923C20057E61D /* ARExampleViewController.m */; };
		3AD2114E1FD924A60057E61D /* ARExampleViewController.swift in Sources */ = {isa = PBXBuildFile; fileRef = 3AD2114D1FD924A60057E61D /* ARExampleViewController.swift */; };
		3AD211661FD924D50057E61D /* Models.scnassets in Resources */ = {isa = PBXBuildFile; fileRef = 3AD211501FD924D40057E61D /* Models.scnassets */; };
		3AD211671FD924D50057E61D /* FocusSquare.swift in Sources */ = {isa = PBXBuildFile; fileRef = 3AD211531FD924D40057E61D /* FocusSquare.swift */; };
		3AD211681FD924D50057E61D /* FocusSquareSegment.swift in Sources */ = {isa = PBXBuildFile; fileRef = 3AD211541FD924D40057E61D /* FocusSquareSegment.swift */; };
		3AD211691FD924D50057E61D /* Gesture.swift in Sources */ = {isa = PBXBuildFile; fileRef = 3AD211561FD924D40057E61D /* Gesture.swift */; };
		3AD2116A1FD924D50057E61D /* SingleFingerGesture.swift in Sources */ = {isa = PBXBuildFile; fileRef = 3AD211571FD924D40057E61D /* SingleFingerGesture.swift */; };
		3AD2116B1FD924D50057E61D /* TwoFingerGesture.swift in Sources */ = {isa = PBXBuildFile; fileRef = 3AD211581FD924D40057E61D /* TwoFingerGesture.swift */; };
		3AD2116C1FD924D50057E61D /* Plane.swift in Sources */ = {isa = PBXBuildFile; fileRef = 3AD211591FD924D40057E61D /* Plane.swift */; };
		3AD2116E1FD924D50057E61D /* VirtualObjectSelectionViewController.swift in Sources */ = {isa = PBXBuildFile; fileRef = 3AD2115C1FD924D40057E61D /* VirtualObjectSelectionViewController.swift */; };
		3AD2116F1FD924D50057E61D /* VirtualObject.swift in Sources */ = {isa = PBXBuildFile; fileRef = 3AD2115E1FD924D40057E61D /* VirtualObject.swift */; };
		3AD211701FD924D50057E61D /* VirtualObjectManager.swift in Sources */ = {isa = PBXBuildFile; fileRef = 3AD2115F1FD924D40057E61D /* VirtualObjectManager.swift */; };
		3AD211711FD924D50057E61D /* VirtualObjects.json in Resources */ = {isa = PBXBuildFile; fileRef = 3AD211601FD924D40057E61D /* VirtualObjects.json */; };
		3AD211721FD924D50057E61D /* ARSCNView+HitTests.swift in Sources */ = {isa = PBXBuildFile; fileRef = 3AD211621FD924D40057E61D /* ARSCNView+HitTests.swift */; };
		3AD211731FD924D50057E61D /* SceneExtensions.swift in Sources */ = {isa = PBXBuildFile; fileRef = 3AD211631FD924D40057E61D /* SceneExtensions.swift */; };
		3AD211751FD924D50057E61D /* Utilities.swift in Sources */ = {isa = PBXBuildFile; fileRef = 3AD211651FD924D40057E61D /* Utilities.swift */; };
		3AD211771FD9285A0057E61D /* ARExampleViewController+Actions.swift in Sources */ = {isa = PBXBuildFile; fileRef = 3AD211761FD9285A0057E61D /* ARExampleViewController+Actions.swift */; };
		3AD211791FD931CC0057E61D /* ARExampleViewController+ObjectSelection.swift in Sources */ = {isa = PBXBuildFile; fileRef = 3AD211781FD931CC0057E61D /* ARExampleViewController+ObjectSelection.swift */; };
		3AD2117B1FD9320C0057E61D /* ARExampleViewController+ARSCNViewDelegate.swift in Sources */ = {isa = PBXBuildFile; fileRef = 3AD2117A1FD9320C0057E61D /* ARExampleViewController+ARSCNViewDelegate.swift */; };
		3AD2117D1FD96C870057E61D /* TextManager.swift in Sources */ = {isa = PBXBuildFile; fileRef = 3AD2117C1FD96C870057E61D /* TextManager.swift */; };
/* End PBXBuildFile section */

/* Begin PBXFileReference section */
		3A5694FC1FCE909E00116218 /* DigitalImageDemonstration.app */ = {isa = PBXFileReference; explicitFileType = wrapper.application; includeInIndex = 0; path = DigitalImageDemonstration.app; sourceTree = BUILT_PRODUCTS_DIR; };
		3A5694FF1FCE909E00116218 /* AppDelegate.h */ = {isa = PBXFileReference; lastKnownFileType = sourcecode.c.h; path = AppDelegate.h; sourceTree = "<group>"; };
		3A5695001FCE909E00116218 /* AppDelegate.m */ = {isa = PBXFileReference; lastKnownFileType = sourcecode.c.objc; path = AppDelegate.m; sourceTree = "<group>"; };
		3A5695021FCE909E00116218 /* ViewController.h */ = {isa = PBXFileReference; lastKnownFileType = sourcecode.c.h; path = ViewController.h; sourceTree = "<group>"; };
		3A5695031FCE909E00116218 /* ViewController.m */ = {isa = PBXFileReference; lastKnownFileType = sourcecode.c.objc; path = ViewController.m; sourceTree = "<group>"; };
		3A5695081FCE909E00116218 /* Assets.xcassets */ = {isa = PBXFileReference; lastKnownFileType = folder.assetcatalog; path = Assets.xcassets; sourceTree = "<group>"; };
		3A56950B1FCE909E00116218 /* Base */ = {isa = PBXFileReference; lastKnownFileType = file.storyboard; name = Base; path = Base.lproj/LaunchScreen.storyboard; sourceTree = "<group>"; };
		3A56950D1FCE909E00116218 /* Info.plist */ = {isa = PBXFileReference; lastKnownFileType = text.plist.xml; path = Info.plist; sourceTree = "<group>"; };
		3A56950E1FCE909E00116218 /* main.m */ = {isa = PBXFileReference; lastKnownFileType = sourcecode.c.objc; path = main.m; sourceTree = "<group>"; };
		3A5695161FCE91E000116218 /* CoreMotion.framework */ = {isa = PBXFileReference; lastKnownFileType = wrapper.framework; name = CoreMotion.framework; path = System/Library/Frameworks/CoreMotion.framework; sourceTree = SDKROOT; };
		3A5695171FCE91E500116218 /* ARKit.framework */ = {isa = PBXFileReference; lastKnownFileType = wrapper.framework; name = ARKit.framework; path = System/Library/Frameworks/ARKit.framework; sourceTree = SDKROOT; };
		3A5695181FCE91F400116218 /* SceneKit.framework */ = {isa = PBXFileReference; lastKnownFileType = wrapper.framework; name = SceneKit.framework; path = System/Library/Frameworks/SceneKit.framework; sourceTree = SDKROOT; };
		3A56951D1FCE927000116218 /* DigitalImageDemonstration_Swift.app */ = {isa = PBXFileReference; explicitFileType = wrapper.application; includeInIndex = 0; path = DigitalImageDemonstration_Swift.app; sourceTree = BUILT_PRODUCTS_DIR; };
		3A56951F1FCE927000116218 /* AppDelegate.swift */ = {isa = PBXFileReference; lastKnownFileType = sourcecode.swift; path = AppDelegate.swift; sourceTree = "<group>"; };
		3A5695211FCE927000116218 /* ViewController.swift */ = {isa = PBXFileReference; lastKnownFileType = sourcecode.swift; path = ViewController.swift; sourceTree = "<group>"; };
		3A5695261FCE927000116218 /* Assets.xcassets */ = {isa = PBXFileReference; lastKnownFileType = folder.assetcatalog; path = Assets.xcassets; sourceTree = "<group>"; };
		3A5695291FCE927000116218 /* Base */ = {isa = PBXFileReference; lastKnownFileType = file.storyboard; name = Base; path = Base.lproj/LaunchScreen.storyboard; sourceTree = "<group>"; };
		3A56952B1FCE927000116218 /* Info.plist */ = {isa = PBXFileReference; lastKnownFileType = text.plist.xml; path = Info.plist; sourceTree = "<group>"; };
		3A5695351FCE95B100116218 /* CoreMotionAndPanorama.h */ = {isa = PBXFileReference; fileEncoding = 4; lastKnownFileType = sourcecode.c.h; path = CoreMotionAndPanorama.h; sourceTree = "<group>"; };
		3A5695361FCE95B100116218 /* CoreMotionAndPanorama.m */ = {isa = PBXFileReference; fileEncoding = 4; lastKnownFileType = sourcecode.c.objc; path = CoreMotionAndPanorama.m; sourceTree = "<group>"; };
		3A5695381FCE95CE00116218 /* texturify_pano-3.jpg */ = {isa = PBXFileReference; lastKnownFileType = image.jpeg; path = "texturify_pano-3.jpg"; sourceTree = "<group>"; };
		3A5695391FCE95CE00116218 /* texturify_pano-1.jpg */ = {isa = PBXFileReference; lastKnownFileType = image.jpeg; path = "texturify_pano-1.jpg"; sourceTree = "<group>"; };
		3A56953A1FCE95CE00116218 /* texturify_pano-2.jpg */ = {isa = PBXFileReference; lastKnownFileType = image.jpeg; path = "texturify_pano-2.jpg"; sourceTree = "<group>"; };
		3A56953E1FCE961400116218 /* MotionAndPanorama.h */ = {isa = PBXFileReference; lastKnownFileType = sourcecode.c.h; path = MotionAndPanorama.h; sourceTree = "<group>"; };
		3A56953F1FCE961400116218 /* MotionAndPanorama.m */ = {isa = PBXFileReference; lastKnownFileType = sourcecode.c.objc; path = MotionAndPanorama.m; sourceTree = "<group>"; };
		3A5695411FCE962600116218 /* GLKit.framework */ = {isa = PBXFileReference; lastKnownFileType = wrapper.framework; name = GLKit.framework; path = System/Library/Frameworks/GLKit.framework; sourceTree = SDKROOT; };
		3A5695421FCE966100116218 /* OpenGLES.framework */ = {isa = PBXFileReference; lastKnownFileType = wrapper.framework; name = OpenGLES.framework; path = System/Library/Frameworks/OpenGLES.framework; sourceTree = SDKROOT; };
		3A5695441FCE997800116218 /* CameraBufferToTexture.h */ = {isa = PBXFileReference; lastKnownFileType = sourcecode.c.h; path = CameraBufferToTexture.h; sourceTree = "<group>"; };
		3A5695451FCE997800116218 /* CameraBufferToTexture.m */ = {isa = PBXFileReference; lastKnownFileType = sourcecode.c.objc; path = CameraBufferToTexture.m; sourceTree = "<group>"; };
		3A5695471FCE99AB00116218 /* CameraBufferToTextureView.h */ = {isa = PBXFileReference; lastKnownFileType = sourcecode.c.h; path = CameraBufferToTextureView.h; sourceTree = "<group>"; };
		3A5695481FCE99AB00116218 /* CameraBufferToTextureView.m */ = {isa = PBXFileReference; lastKnownFileType = sourcecode.c.objc; path = CameraBufferToTextureView.m; sourceTree = "<group>"; };
		3A56954A1FCE9EFC00116218 /* SpriteKit.framework */ = {isa = PBXFileReference; lastKnownFileType = wrapper.framework; name = SpriteKit.framework; path = System/Library/Frameworks/SpriteKit.framework; sourceTree = SDKROOT; };
		3A5695501FCFE16300116218 /* MapKit.framework */ = {isa = PBXFileReference; lastKnownFileType = wrapper.framework; name = MapKit.framework; path = System/Library/Frameworks/MapKit.framework; sourceTree = SDKROOT; };
		3A5695521FCFE31D00116218 /* MapKitViewController.swift */ = {isa = PBXFileReference; lastKnownFileType = sourcecode.swift; path = MapKitViewController.swift; sourceTree = "<group>"; };
		3AD211491FD923C20057E61D /* ARExampleViewController.h */ = {isa = PBXFileReference; lastKnownFileType = sourcecode.c.h; path = ARExampleViewController.h; sourceTree = "<group>"; };
		3AD2114A1FD923C20057E61D /* ARExampleViewController.m */ = {isa = PBXFileReference; lastKnownFileType = sourcecode.c.objc; path = ARExampleViewController.m; sourceTree = "<group>"; };
		3AD2114D1FD924A60057E61D /* ARExampleViewController.swift */ = {isa = PBXFileReference; lastKnownFileType = sourcecode.swift; path = ARExampleViewController.swift; sourceTree = "<group>"; };
		3AD211501FD924D40057E61D /* Models.scnassets */ = {isa = PBXFileReference; lastKnownFileType = wrapper.scnassets; path = Models.scnassets; sourceTree = "<group>"; };
		3AD211531FD924D40057E61D /* FocusSquare.swift */ = {isa = PBXFileReference; fileEncoding = 4; lastKnownFileType = sourcecode.swift; path = FocusSquare.swift; sourceTree = "<group>"; };
		3AD211541FD924D40057E61D /* FocusSquareSegment.swift */ = {isa = PBXFileReference; fileEncoding = 4; lastKnownFileType = sourcecode.swift; path = FocusSquareSegment.swift; sourceTree = "<group>"; };
		3AD211561FD924D40057E61D /* Gesture.swift */ = {isa = PBXFileReference; fileEncoding = 4; lastKnownFileType = sourcecode.swift; path = Gesture.swift; sourceTree = "<group>"; };
		3AD211571FD924D40057E61D /* SingleFingerGesture.swift */ = {isa = PBXFileReference; fileEncoding = 4; lastKnownFileType = sourcecode.swift; path = SingleFingerGesture.swift; sourceTree = "<group>"; };
		3AD211581FD924D40057E61D /* TwoFingerGesture.swift */ = {isa = PBXFileReference; fileEncoding = 4; lastKnownFileType = sourcecode.swift; path = TwoFingerGesture.swift; sourceTree = "<group>"; };
		3AD211591FD924D40057E61D /* Plane.swift */ = {isa = PBXFileReference; fileEncoding = 4; lastKnownFileType = sourcecode.swift; path = Plane.swift; sourceTree = "<group>"; };
		3AD2115C1FD924D40057E61D /* VirtualObjectSelectionViewController.swift */ = {isa = PBXFileReference; fileEncoding = 4; lastKnownFileType = sourcecode.swift; path = VirtualObjectSelectionViewController.swift; sourceTree = "<group>"; };
		3AD2115E1FD924D40057E61D /* VirtualObject.swift */ = {isa = PBXFileReference; fileEncoding = 4; lastKnownFileType = sourcecode.swift; path = VirtualObject.swift; sourceTree = "<group>"; };
		3AD2115F1FD924D40057E61D /* VirtualObjectManager.swift */ = {isa = PBXFileReference; fileEncoding = 4; lastKnownFileType = sourcecode.swift; path = VirtualObjectManager.swift; sourceTree = "<group>"; };
		3AD211601FD924D40057E61D /* VirtualObjects.json */ = {isa = PBXFileReference; fileEncoding = 4; lastKnownFileType = text.json; path = VirtualObjects.json; sourceTree = "<group>"; };
		3AD211621FD924D40057E61D /* ARSCNView+HitTests.swift */ = {isa = PBXFileReference; fileEncoding = 4; lastKnownFileType = sourcecode.swift; path = "ARSCNView+HitTests.swift"; sourceTree = "<group>"; };
		3AD211631FD924D40057E61D /* SceneExtensions.swift */ = {isa = PBXFileReference; fileEncoding = 4; lastKnownFileType = sourcecode.swift; path = SceneExtensions.swift; sourceTree = "<group>"; };
		3AD211651FD924D40057E61D /* Utilities.swift */ = {isa = PBXFileReference; fileEncoding = 4; lastKnownFileType = sourcecode.swift; path = Utilities.swift; sourceTree = "<group>"; };
		3AD211761FD9285A0057E61D /* ARExampleViewController+Actions.swift */ = {isa = PBXFileReference; lastKnownFileType = sourcecode.swift; path = "ARExampleViewController+Actions.swift"; sourceTree = "<group>"; };
		3AD211781FD931CC0057E61D /* ARExampleViewController+ObjectSelection.swift */ = {isa = PBXFileReference; lastKnownFileType = sourcecode.swift; path = "ARExampleViewController+ObjectSelection.swift"; sourceTree = "<group>"; };
		3AD2117A1FD9320C0057E61D /* ARExampleViewController+ARSCNViewDelegate.swift */ = {isa = PBXFileReference; lastKnownFileType = sourcecode.swift; path = "ARExampleViewController+ARSCNViewDelegate.swift"; sourceTree = "<group>"; };
		3AD2117C1FD96C870057E61D /* TextManager.swift */ = {isa = PBXFileReference; fileEncoding = 4; lastKnownFileType = sourcecode.swift; path = TextManager.swift; sourceTree = "<group>"; };
/* End PBXFileReference section */

/* Begin PBXFrameworksBuildPhase section */
		3A5694F91FCE909E00116218 /* Frameworks */ = {
			isa = PBXFrameworksBuildPhase;
			buildActionMask = 2147483647;
			files = (
			);
			runOnlyForDeploymentPostprocessing = 0;
		};
		3A56951A1FCE927000116218 /* Frameworks */ = {
			isa = PBXFrameworksBuildPhase;
			buildActionMask = 2147483647;
			files = (
			);
			runOnlyForDeploymentPostprocessing = 0;
		};
/* End PBXFrameworksBuildPhase section */

/* Begin PBXGroup section */
		3A5694F31FCE909E00116218 = {
			isa = PBXGroup;
			children = (
				3A5694FE1FCE909E00116218 /* DigitalImageDemonstration */,
				3A56951E1FCE927000116218 /* DigitalImageDemonstration_Swift */,
				3A5694FD1FCE909E00116218 /* Products */,
				3A5695151FCE91E000116218 /* Frameworks */,
			);
			sourceTree = "<group>";
		};
		3A5694FD1FCE909E00116218 /* Products */ = {
			isa = PBXGroup;
			children = (
				3A5694FC1FCE909E00116218 /* DigitalImageDemonstration.app */,
				3A56951D1FCE927000116218 /* DigitalImageDemonstration_Swift.app */,
			);
			name = Products;
			sourceTree = "<group>";
		};
		3A5694FE1FCE909E00116218 /* DigitalImageDemonstration */ = {
			isa = PBXGroup;
			children = (
				3A5694FF1FCE909E00116218 /* AppDelegate.h */,
				3A5695001FCE909E00116218 /* AppDelegate.m */,
				3A5695021FCE909E00116218 /* ViewController.h */,
				3A5695031FCE909E00116218 /* ViewController.m */,
				3A56952F1FCE94FB00116218 /* Items */,
				3A5695081FCE909E00116218 /* Assets.xcassets */,
				3A56950A1FCE909E00116218 /* LaunchScreen.storyboard */,
				3A56950D1FCE909E00116218 /* Info.plist */,
				3A56950E1FCE909E00116218 /* main.m */,
			);
			path = DigitalImageDemonstration;
			sourceTree = "<group>";
		};
		3A5695151FCE91E000116218 /* Frameworks */ = {
			isa = PBXGroup;
			children = (
				3A5695501FCFE16300116218 /* MapKit.framework */,
				3A56954A1FCE9EFC00116218 /* SpriteKit.framework */,
				3A5695421FCE966100116218 /* OpenGLES.framework */,
				3A5695411FCE962600116218 /* GLKit.framework */,
				3A5695181FCE91F400116218 /* SceneKit.framework */,
				3A5695171FCE91E500116218 /* ARKit.framework */,
				3A5695161FCE91E000116218 /* CoreMotion.framework */,
			);
			name = Frameworks;
			sourceTree = "<group>";
		};
		3A56951E1FCE927000116218 /* DigitalImageDemonstration_Swift */ = {
			isa = PBXGroup;
			children = (
				3A56951F1FCE927000116218 /* AppDelegate.swift */,
				3A5695211FCE927000116218 /* ViewController.swift */,
				3A5695301FCE950200116218 /* Items */,
				3A5695261FCE927000116218 /* Assets.xcassets */,
				3A5695281FCE927000116218 /* LaunchScreen.storyboard */,
				3A56952B1FCE927000116218 /* Info.plist */,
			);
			path = DigitalImageDemonstration_Swift;
			sourceTree = "<group>";
		};
		3A56952F1FCE94FB00116218 /* Items */ = {
			isa = PBXGroup;
			children = (
				3AD2111B1FD9203E0057E61D /* ARKitExample */,
				3A5695431FCE995D00116218 /* CameraBufferToTexture */,
				3A5695341FCE95B100116218 /* CoreMotionAndPanorama */,
			);
			path = Items;
			sourceTree = "<group>";
		};
		3A5695301FCE950200116218 /* Items */ = {
			isa = PBXGroup;
			children = (
				3AD2114C1FD924920057E61D /* ARExample */,
				3A5695511FCFE30100116218 /* MapKit */,
			);
			path = Items;
			sourceTree = "<group>";
		};
		3A5695341FCE95B100116218 /* CoreMotionAndPanorama */ = {
			isa = PBXGroup;
			children = (
				3A5695351FCE95B100116218 /* CoreMotionAndPanorama.h */,
				3A5695361FCE95B100116218 /* CoreMotionAndPanorama.m */,
				3A56953E1FCE961400116218 /* MotionAndPanorama.h */,
				3A56953F1FCE961400116218 /* MotionAndPanorama.m */,
				3A5695391FCE95CE00116218 /* texturify_pano-1.jpg */,
				3A56953A1FCE95CE00116218 /* texturify_pano-2.jpg */,
				3A5695381FCE95CE00116218 /* texturify_pano-3.jpg */,
			);
			path = CoreMotionAndPanorama;
			sourceTree = "<group>";
		};
		3A5695431FCE995D00116218 /* CameraBufferToTexture */ = {
			isa = PBXGroup;
			children = (
				3A5695441FCE997800116218 /* CameraBufferToTexture.h */,
				3A5695451FCE997800116218 /* CameraBufferToTexture.m */,
				3A5695471FCE99AB00116218 /* CameraBufferToTextureView.h */,
				3A5695481FCE99AB00116218 /* CameraBufferToTextureView.m */,
			);
			path = CameraBufferToTexture;
			sourceTree = "<group>";
		};
		3A5695511FCFE30100116218 /* MapKit */ = {
			isa = PBXGroup;
			children = (
				3A5695521FCFE31D00116218 /* MapKitViewController.swift */,
			);
			path = MapKit;
			sourceTree = "<group>";
		};
		3AD2111B1FD9203E0057E61D /* ARKitExample */ = {
			isa = PBXGroup;
			children = (
				3AD211491FD923C20057E61D /* ARExampleViewController.h */,
				3AD2114A1FD923C20057E61D /* ARExampleViewController.m */,
			);
			path = ARKitExample;
			sourceTree = "<group>";
		};
		3AD2114C1FD924920057E61D /* ARExample */ = {
			isa = PBXGroup;
			children = (
				3AD2114D1FD924A60057E61D /* ARExampleViewController.swift */,
				3AD211761FD9285A0057E61D /* ARExampleViewController+Actions.swift */,
				3AD211781FD931CC0057E61D /* ARExampleViewController+ObjectSelection.swift */,
				3AD2117A1FD9320C0057E61D /* ARExampleViewController+ARSCNViewDelegate.swift */,
				3AD2115A1FD924D40057E61D /* Additional View Controllers */,
				3AD2114F1FD924D40057E61D /* Resources */,
				3AD211511FD924D40057E61D /* UI Elements */,
				3AD211611FD924D40057E61D /* Utilities */,
				3AD2115D1FD924D40057E61D /* Virtual Objects */,
			);
			path = ARExample;
			sourceTree = "<group>";
		};
		3AD2114F1FD924D40057E61D /* Resources */ = {
			isa = PBXGroup;
			children = (
				3AD211501FD924D40057E61D /* Models.scnassets */,
			);
			path = Resources;
			sourceTree = "<group>";
		};
		3AD211511FD924D40057E61D /* UI Elements */ = {
			isa = PBXGroup;
			children = (
				3AD211521FD924D40057E61D /* Focus Squares */,
				3AD211551FD924D40057E61D /* Gestures */,
				3AD211591FD924D40057E61D /* Plane.swift */,
			);
			path = "UI Elements";
			sourceTree = "<group>";
		};
		3AD211521FD924D40057E61D /* Focus Squares */ = {
			isa = PBXGroup;
			children = (
				3AD211531FD924D40057E61D /* FocusSquare.swift */,
				3AD211541FD924D40057E61D /* FocusSquareSegment.swift */,
			);
			path = "Focus Squares";
			sourceTree = "<group>";
		};
		3AD211551FD924D40057E61D /* Gestures */ = {
			isa = PBXGroup;
			children = (
				3AD211561FD924D40057E61D /* Gesture.swift */,
				3AD211571FD924D40057E61D /* SingleFingerGesture.swift */,
				3AD211581FD924D40057E61D /* TwoFingerGesture.swift */,
			);
			path = Gestures;
			sourceTree = "<group>";
		};
		3AD2115A1FD924D40057E61D /* Additional View Controllers */ = {
			isa = PBXGroup;
			children = (
				3AD2115C1FD924D40057E61D /* VirtualObjectSelectionViewController.swift */,
			);
			path = "Additional View Controllers";
			sourceTree = "<group>";
		};
		3AD2115D1FD924D40057E61D /* Virtual Objects */ = {
			isa = PBXGroup;
			children = (
				3AD2115E1FD924D40057E61D /* VirtualObject.swift */,
				3AD2115F1FD924D40057E61D /* VirtualObjectManager.swift */,
				3AD211601FD924D40057E61D /* VirtualObjects.json */,
			);
			path = "Virtual Objects";
			sourceTree = "<group>";
		};
		3AD211611FD924D40057E61D /* Utilities */ = {
			isa = PBXGroup;
			children = (
				3AD211621FD924D40057E61D /* ARSCNView+HitTests.swift */,
				3AD211631FD924D40057E61D /* SceneExtensions.swift */,
				3AD2117C1FD96C870057E61D /* TextManager.swift */,
				3AD211651FD924D40057E61D /* Utilities.swift */,
			);
			path = Utilities;
			sourceTree = "<group>";
		};
/* End PBXGroup section */

/* Begin PBXNativeTarget section */
		3A5694FB1FCE909E00116218 /* DigitalImageDemonstration */ = {
			isa = PBXNativeTarget;
			buildConfigurationList = 3A5695121FCE909E00116218 /* Build configuration list for PBXNativeTarget "DigitalImageDemonstration" */;
			buildPhases = (
				3A5694F81FCE909E00116218 /* Sources */,
				3A5694F91FCE909E00116218 /* Frameworks */,
				3A5694FA1FCE909E00116218 /* Resources */,
			);
			buildRules = (
			);
			dependencies = (
			);
			name = DigitalImageDemonstration;
			productName = DigitalImageDemonstration;
			productReference = 3A5694FC1FCE909E00116218 /* DigitalImageDemonstration.app */;
			productType = "com.apple.product-type.application";
		};
		3A56951C1FCE927000116218 /* DigitalImageDemonstration_Swift */ = {
			isa = PBXNativeTarget;
			buildConfigurationList = 3A56952C1FCE927000116218 /* Build configuration list for PBXNativeTarget "DigitalImageDemonstration_Swift" */;
			buildPhases = (
				3A5695191FCE927000116218 /* Sources */,
				3A56951A1FCE927000116218 /* Frameworks */,
				3A56951B1FCE927000116218 /* Resources */,
			);
			buildRules = (
			);
			dependencies = (
			);
			name = DigitalImageDemonstration_Swift;
			productName = DigitalImageDemonstration_Swift;
			productReference = 3A56951D1FCE927000116218 /* DigitalImageDemonstration_Swift.app */;
			productType = "com.apple.product-type.application";
		};
/* End PBXNativeTarget section */

/* Begin PBXProject section */
		3A5694F41FCE909E00116218 /* Project object */ = {
			isa = PBXProject;
			attributes = {
				LastSwiftUpdateCheck = 0910;
				LastUpgradeCheck = 0920;
				ORGANIZATIONNAME = devliubo;
				TargetAttributes = {
					3A5694FB1FCE909E00116218 = {
						CreatedOnToolsVersion = 9.1;
						ProvisioningStyle = Manual;
					};
					3A56951C1FCE927000116218 = {
						CreatedOnToolsVersion = 9.1;
						ProvisioningStyle = Manual;
					};
				};
			};
			buildConfigurationList = 3A5694F71FCE909E00116218 /* Build configuration list for PBXProject "DigitalImageDemonstration" */;
			compatibilityVersion = "Xcode 8.0";
			developmentRegion = en;
			hasScannedForEncodings = 0;
			knownRegions = (
				en,
				Base,
			);
			mainGroup = 3A5694F31FCE909E00116218;
			productRefGroup = 3A5694FD1FCE909E00116218 /* Products */;
			projectDirPath = "";
			projectRoot = "";
			targets = (
				3A5694FB1FCE909E00116218 /* DigitalImageDemonstration */,
				3A56951C1FCE927000116218 /* DigitalImageDemonstration_Swift */,
			);
		};
/* End PBXProject section */

/* Begin PBXResourcesBuildPhase section */
		3A5694FA1FCE909E00116218 /* Resources */ = {
			isa = PBXResourcesBuildPhase;
			buildActionMask = 2147483647;
			files = (
				3A56953D1FCE95CE00116218 /* texturify_pano-2.jpg in Resources */,
				3A56953B1FCE95CE00116218 /* texturify_pano-3.jpg in Resources */,
				3A56950C1FCE909E00116218 /* LaunchScreen.storyboard in Resources */,
				3A56953C1FCE95CE00116218 /* texturify_pano-1.jpg in Resources */,
				3A5695091FCE909E00116218 /* Assets.xcassets in Resources */,
			);
			runOnlyForDeploymentPostprocessing = 0;
		};
		3A56951B1FCE927000116218 /* Resources */ = {
			isa = PBXResourcesBuildPhase;
			buildActionMask = 2147483647;
			files = (
				3AD211711FD924D50057E61D /* VirtualObjects.json in Resources */,
				3AD211661FD924D50057E61D /* Models.scnassets in Resources */,
				3A56952A1FCE927000116218 /* LaunchScreen.storyboard in Resources */,
				3A5695271FCE927000116218 /* Assets.xcassets in Resources */,
			);
			runOnlyForDeploymentPostprocessing = 0;
		};
/* End PBXResourcesBuildPhase section */

/* Begin PBXSourcesBuildPhase section */
		3A5694F81FCE909E00116218 /* Sources */ = {
			isa = PBXSourcesBuildPhase;
			buildActionMask = 2147483647;
			files = (
				3A5695041FCE909E00116218 /* ViewController.m in Sources */,
				3A5695461FCE997800116218 /* CameraBufferToTexture.m in Sources */,
				3AD2114B1FD923C20057E61D /* ARExampleViewController.m in Sources */,
				3A5695401FCE961400116218 /* MotionAndPanorama.m in Sources */,
				3A56950F1FCE909E00116218 /* main.m in Sources */,
				3A5695011FCE909E00116218 /* AppDelegate.m in Sources */,
				3A5695371FCE95B100116218 /* CoreMotionAndPanorama.m in Sources */,
				3A5695491FCE99AB00116218 /* CameraBufferToTextureView.m in Sources */,
			);
			runOnlyForDeploymentPostprocessing = 0;
		};
		3A5695191FCE927000116218 /* Sources */ = {
			isa = PBXSourcesBuildPhase;
			buildActionMask = 2147483647;
			files = (
				3AD2116E1FD924D50057E61D /* VirtualObjectSelectionViewController.swift in Sources */,
				3AD211721FD924D50057E61D /* ARSCNView+HitTests.swift in Sources */,
				3AD2116B1FD924D50057E61D /* TwoFingerGesture.swift in Sources */,
				3AD211771FD9285A0057E61D /* ARExampleViewController+Actions.swift in Sources */,
				3AD2116A1FD924D50057E61D /* SingleFingerGesture.swift in Sources */,
				3AD211791FD931CC0057E61D /* ARExampleViewController+ObjectSelection.swift in Sources */,
				3AD211751FD924D50057E61D /* Utilities.swift in Sources */,
				3AD2117B1FD9320C0057E61D /* ARExampleViewController+ARSCNViewDelegate.swift in Sources */,
				3AD2116C1FD924D50057E61D /* Plane.swift in Sources */,
				3AD2116F1FD924D50057E61D /* VirtualObject.swift in Sources */,
				3AD211701FD924D50057E61D /* VirtualObjectManager.swift in Sources */,
				3AD211691FD924D50057E61D /* Gesture.swift in Sources */,
				3AD2117D1FD96C870057E61D /* TextManager.swift in Sources */,
				3A5695531FCFE31D00116218 /* MapKitViewController.swift in Sources */,
				3AD211681FD924D50057E61D /* FocusSquareSegment.swift in Sources */,
				3A5695221FCE927000116218 /* ViewController.swift in Sources */,
				3AD2114E1FD924A60057E61D /* ARExampleViewController.swift in Sources */,
				3A5695201FCE927000116218 /* AppDelegate.swift in Sources */,
				3AD211731FD924D50057E61D /* SceneExtensions.swift in Sources */,
				3AD211671FD924D50057E61D /* FocusSquare.swift in Sources */,
			);
			runOnlyForDeploymentPostprocessing = 0;
		};
/* End PBXSourcesBuildPhase section */

/* Begin PBXVariantGroup section */
		3A56950A1FCE909E00116218 /* LaunchScreen.storyboard */ = {
			isa = PBXVariantGroup;
			children = (
				3A56950B1FCE909E00116218 /* Base */,
			);
			name = LaunchScreen.storyboard;
			sourceTree = "<group>";
		};
		3A5695281FCE927000116218 /* LaunchScreen.storyboard */ = {
			isa = PBXVariantGroup;
			children = (
				3A5695291FCE927000116218 /* Base */,
			);
			name = LaunchScreen.storyboard;
			sourceTree = "<group>";
		};
/* End PBXVariantGroup section */

/* Begin XCBuildConfiguration section */
		3A5695101FCE909E00116218 /* Debug */ = {
			isa = XCBuildConfiguration;
			buildSettings = {
				ALWAYS_SEARCH_USER_PATHS = NO;
				CLANG_ANALYZER_NONNULL = YES;
				CLANG_ANALYZER_NUMBER_OBJECT_CONVERSION = YES_AGGRESSIVE;
				CLANG_CXX_LANGUAGE_STANDARD = "gnu++14";
				CLANG_CXX_LIBRARY = "libc++";
				CLANG_ENABLE_MODULES = YES;
				CLANG_ENABLE_OBJC_ARC = YES;
				CLANG_WARN_BLOCK_CAPTURE_AUTORELEASING = YES;
				CLANG_WARN_BOOL_CONVERSION = YES;
				CLANG_WARN_COMMA = YES;
				CLANG_WARN_CONSTANT_CONVERSION = YES;
				CLANG_WARN_DIRECT_OBJC_ISA_USAGE = YES_ERROR;
				CLANG_WARN_DOCUMENTATION_COMMENTS = YES;
				CLANG_WARN_EMPTY_BODY = YES;
				CLANG_WARN_ENUM_CONVERSION = YES;
				CLANG_WARN_INFINITE_RECURSION = YES;
				CLANG_WARN_INT_CONVERSION = YES;
				CLANG_WARN_NON_LITERAL_NULL_CONVERSION = YES;
				CLANG_WARN_OBJC_LITERAL_CONVERSION = YES;
				CLANG_WARN_OBJC_ROOT_CLASS = YES_ERROR;
				CLANG_WARN_RANGE_LOOP_ANALYSIS = YES;
				CLANG_WARN_STRICT_PROTOTYPES = YES;
				CLANG_WARN_SUSPICIOUS_MOVE = YES;
				CLANG_WARN_UNGUARDED_AVAILABILITY = YES_AGGRESSIVE;
				CLANG_WARN_UNREACHABLE_CODE = YES;
				CLANG_WARN__DUPLICATE_METHOD_MATCH = YES;
				CODE_SIGN_IDENTITY = "iPhone Developer";
				COPY_PHASE_STRIP = NO;
				DEBUG_INFORMATION_FORMAT = dwarf;
				ENABLE_STRICT_OBJC_MSGSEND = YES;
				ENABLE_TESTABILITY = YES;
				GCC_C_LANGUAGE_STANDARD = gnu11;
				GCC_DYNAMIC_NO_PIC = NO;
				GCC_NO_COMMON_BLOCKS = YES;
				GCC_OPTIMIZATION_LEVEL = 0;
				GCC_PREPROCESSOR_DEFINITIONS = (
					"DEBUG=1",
					"$(inherited)",
				);
				GCC_WARN_64_TO_32_BIT_CONVERSION = YES;
				GCC_WARN_ABOUT_RETURN_TYPE = YES_ERROR;
				GCC_WARN_UNDECLARED_SELECTOR = YES;
				GCC_WARN_UNINITIALIZED_AUTOS = YES_AGGRESSIVE;
				GCC_WARN_UNUSED_FUNCTION = YES;
				GCC_WARN_UNUSED_VARIABLE = YES;
				IPHONEOS_DEPLOYMENT_TARGET = 11.1;
				MTL_ENABLE_DEBUG_INFO = YES;
				ONLY_ACTIVE_ARCH = YES;
				SDKROOT = iphoneos;
			};
			name = Debug;
		};
		3A5695111FCE909E00116218 /* Release */ = {
			isa = XCBuildConfiguration;
			buildSettings = {
				ALWAYS_SEARCH_USER_PATHS = NO;
				CLANG_ANALYZER_NONNULL = YES;
				CLANG_ANALYZER_NUMBER_OBJECT_CONVERSION = YES_AGGRESSIVE;
				CLANG_CXX_LANGUAGE_STANDARD = "gnu++14";
				CLANG_CXX_LIBRARY = "libc++";
				CLANG_ENABLE_MODULES = YES;
				CLANG_ENABLE_OBJC_ARC = YES;
				CLANG_WARN_BLOCK_CAPTURE_AUTORELEASING = YES;
				CLANG_WARN_BOOL_CONVERSION = YES;
				CLANG_WARN_COMMA = YES;
				CLANG_WARN_CONSTANT_CONVERSION = YES;
				CLANG_WARN_DIRECT_OBJC_ISA_USAGE = YES_ERROR;
				CLANG_WARN_DOCUMENTATION_COMMENTS = YES;
				CLANG_WARN_EMPTY_BODY = YES;
				CLANG_WARN_ENUM_CONVERSION = YES;
				CLANG_WARN_INFINITE_RECURSION = YES;
				CLANG_WARN_INT_CONVERSION = YES;
				CLANG_WARN_NON_LITERAL_NULL_CONVERSION = YES;
				CLANG_WARN_OBJC_LITERAL_CONVERSION = YES;
				CLANG_WARN_OBJC_ROOT_CLASS = YES_ERROR;
				CLANG_WARN_RANGE_LOOP_ANALYSIS = YES;
				CLANG_WARN_STRICT_PROTOTYPES = YES;
				CLANG_WARN_SUSPICIOUS_MOVE = YES;
				CLANG_WARN_UNGUARDED_AVAILABILITY = YES_AGGRESSIVE;
				CLANG_WARN_UNREACHABLE_CODE = YES;
				CLANG_WARN__DUPLICATE_METHOD_MATCH = YES;
				CODE_SIGN_IDENTITY = "iPhone Developer";
				COPY_PHASE_STRIP = NO;
				DEBUG_INFORMATION_FORMAT = "dwarf-with-dsym";
				ENABLE_NS_ASSERTIONS = NO;
				ENABLE_STRICT_OBJC_MSGSEND = YES;
				GCC_C_LANGUAGE_STANDARD = gnu11;
				GCC_NO_COMMON_BLOCKS = YES;
				GCC_WARN_64_TO_32_BIT_CONVERSION = YES;
				GCC_WARN_ABOUT_RETURN_TYPE = YES_ERROR;
				GCC_WARN_UNDECLARED_SELECTOR = YES;
				GCC_WARN_UNINITIALIZED_AUTOS = YES_AGGRESSIVE;
				GCC_WARN_UNUSED_FUNCTION = YES;
				GCC_WARN_UNUSED_VARIABLE = YES;
				IPHONEOS_DEPLOYMENT_TARGET = 11.1;
				MTL_ENABLE_DEBUG_INFO = NO;
				SDKROOT = iphoneos;
				VALIDATE_PRODUCT = YES;
			};
			name = Release;
		};
		3A5695131FCE909E00116218 /* Debug */ = {
			isa = XCBuildConfiguration;
			buildSettings = {
				ASSETCATALOG_COMPILER_APPICON_NAME = AppIcon;
				CODE_SIGN_STYLE = Manual;
				DEVELOPMENT_TEAM = 7S7C53EU56;
				INFOPLIST_FILE = DigitalImageDemonstration/Info.plist;
				IPHONEOS_DEPLOYMENT_TARGET = 9.0;
				LD_RUNPATH_SEARCH_PATHS = "$(inherited) @executable_path/Frameworks";
				PRODUCT_BUNDLE_IDENTIFIER = com.devliubo.DigitalImageDemonstration;
				PRODUCT_NAME = "$(TARGET_NAME)";
				TARGETED_DEVICE_FAMILY = 1;
			};
			name = Debug;
		};
		3A5695141FCE909E00116218 /* Release */ = {
			isa = XCBuildConfiguration;
			buildSettings = {
				ASSETCATALOG_COMPILER_APPICON_NAME = AppIcon;
				CODE_SIGN_STYLE = Manual;
				DEVELOPMENT_TEAM = 7S7C53EU56;
				INFOPLIST_FILE = DigitalImageDemonstration/Info.plist;
				IPHONEOS_DEPLOYMENT_TARGET = 9.0;
				LD_RUNPATH_SEARCH_PATHS = "$(inherited) @executable_path/Frameworks";
				PRODUCT_BUNDLE_IDENTIFIER = com.devliubo.DigitalImageDemonstration;
				PRODUCT_NAME = "$(TARGET_NAME)";
				TARGETED_DEVICE_FAMILY = 1;
			};
			name = Release;
		};
		3A56952D1FCE927000116218 /* Debug */ = {
			isa = XCBuildConfiguration;
			buildSettings = {
				ASSETCATALOG_COMPILER_APPICON_NAME = AppIcon;
				DEVELOPMENT_TEAM = 7S7C53EU56;
				INFOPLIST_FILE = DigitalImageDemonstration_Swift/Info.plist;
				IPHONEOS_DEPLOYMENT_TARGET = 11.0;
				LD_RUNPATH_SEARCH_PATHS = "$(inherited) @executable_path/Frameworks";
				PRODUCT_BUNDLE_IDENTIFIER = "com.devliubo.DigitalImageDemonstration-Swift";
				PRODUCT_NAME = "$(TARGET_NAME)";
				SWIFT_ACTIVE_COMPILATION_CONDITIONS = DEBUG;
				SWIFT_OPTIMIZATION_LEVEL = "-Onone";
				SWIFT_VERSION = 4.0;
				TARGETED_DEVICE_FAMILY = 1;
			};
			name = Debug;
		};
		3A56952E1FCE927000116218 /* Release */ = {
			isa = XCBuildConfiguration;
			buildSettings = {
				ASSETCATALOG_COMPILER_APPICON_NAME = AppIcon;
				DEVELOPMENT_TEAM = 7S7C53EU56;
				INFOPLIST_FILE = DigitalImageDemonstration_Swift/Info.plist;
				IPHONEOS_DEPLOYMENT_TARGET = 11.0;
				LD_RUNPATH_SEARCH_PATHS = "$(inherited) @executable_path/Frameworks";
				PRODUCT_BUNDLE_IDENTIFIER = "com.devliubo.DigitalImageDemonstration-Swift";
				PRODUCT_NAME = "$(TARGET_NAME)";
				SWIFT_OPTIMIZATION_LEVEL = "-Owholemodule";
				SWIFT_VERSION = 4.0;
				TARGETED_DEVICE_FAMILY = 1;
			};
			name = Release;
		};
/* End XCBuildConfiguration section */

/* Begin XCConfigurationList section */
		3A5694F71FCE909E00116218 /* Build configuration list for PBXProject "DigitalImageDemonstration" */ = {
			isa = XCConfigurationList;
			buildConfigurations = (
				3A5695101FCE909E00116218 /* Debug */,
				3A5695111FCE909E00116218 /* Release */,
			);
			defaultConfigurationIsVisible = 0;
			defaultConfigurationName = Release;
		};
		3A5695121FCE909E00116218 /* Build configuration list for PBXNativeTarget "DigitalImageDemonstration" */ = {
			isa = XCConfigurationList;
			buildConfigurations = (
				3A5695131FCE909E00116218 /* Debug */,
				3A5695141FCE909E00116218 /* Release */,
			);
			defaultConfigurationIsVisible = 0;
			defaultConfigurationName = Release;
		};
		3A56952C1FCE927000116218 /* Build configuration list for PBXNativeTarget "DigitalImageDemonstration_Swift" */ = {
			isa = XCConfigurationList;
			buildConfigurations = (
				3A56952D1FCE927000116218 /* Debug */,
				3A56952E1FCE927000116218 /* Release */,
			);
			defaultConfigurationIsVisible = 0;
			defaultConfigurationName = Release;
		};
/* End XCConfigurationList section */
	};
	rootObject = 3A5694F41FCE909E00116218 /* Project object */;
}
